
Microsoft Visual Studio Solution File, Format Version 12.00
# Visual Studio Version 17
VisualStudioVersion = 17.8.34309.116
MinimumVisualStudioVersion = 10.0.40219.1
Project("{FAE04EC0-301F-11D3-BF4B-00C04F79EFBC}") = "baitaplon.net", "baitaplon.net\baitaplon.net.csproj", "{7DD26BEB-B1C2-48A5-9B2D-9F1C23AD7ECF}"
EndProject
Global
	GlobalSection(SolutionConfigurationPlatforms) = preSolution
		Debug|Any CPU = Debug|Any CPU
		Release|Any CPU = Release|Any CPU
	EndGlobalSection
	GlobalSection(ProjectConfigurationPlatforms) = postSolution
		{7DD26BEB-B1C2-48A5-9B2D-9F1C23AD7ECF}.Debug|Any CPU.ActiveCfg = Debug|Any CPU
		{7DD26BEB-B1C2-48A5-9B2D-9F1C23AD7ECF}.Debug|Any CPU.Build.0 = Debug|Any CPU
		{7DD26BEB-B1C2-48A5-9B2D-9F1C23AD7ECF}.Release|Any CPU.ActiveCfg = Release|Any CPU
		{7DD26BEB-B1C2-48A5-9B2D-9F1C23AD7ECF}.Release|Any CPU.Build.0 = Release|Any CPU
	EndGlobalSection
	GlobalSection(SolutionProperties) = preSolution
		HideSolutionNode = FALSE
	EndGlobalSection
	GlobalSection(ExtensibilityGlobals) = postSolution
		SolutionGuid = {E92210F0-FB59-4426-A959-2A25F94288B6}
	EndGlobalSection
EndGlobal
